
Microsoft Visual Studio Solution File, Format Version 12.00
# Visual Studio Version 17
VisualStudioVersion = 17.11.35327.3
MinimumVisualStudioVersion = 10.0.40219.1
Project("{FAE04EC0-301F-11D3-BF4B-00C04F79EFBC}") = "DZ", "DZ\DZ.csproj", "{9A288B2C-2FDD-49BF-987F-508751775D7F}"
EndProject
Global
	GlobalSection(SolutionConfigurationPlatforms) = preSolution
		Debug|Any CPU = Debug|Any CPU
		Release|Any CPU = Release|Any CPU
	EndGlobalSection
	GlobalSection(ProjectConfigurationPlatforms) = postSolution
		{9A288B2C-2FDD-49BF-987F-508751775D7F}.Debug|Any CPU.ActiveCfg = Debug|Any CPU
		{9A288B2C-2FDD-49BF-987F-508751775D7F}.Debug|Any CPU.Build.0 = Debug|Any CPU
		{9A288B2C-2FDD-49BF-987F-508751775D7F}.Release|Any CPU.ActiveCfg = Release|Any CPU
		{9A288B2C-2FDD-49BF-987F-508751775D7F}.Release|Any CPU.Build.0 = Release|Any CPU
	EndGlobalSection
	GlobalSection(SolutionProperties) = preSolution
		HideSolutionNode = FALSE
	EndGlobalSection
	GlobalSection(ExtensibilityGlobals) = postSolution
		SolutionGuid = {8015A954-4A99-4686-9F0A-23B294C6C02A}
	EndGlobalSection
EndGlobal
